// !$*UTF8*$!
{
	archiveVersion = 1;
	classes = {
	};
	objectVersion = 56;
	objects = {

/* Begin PBXBuildFile section */
		2312855E29CA2395004E08AA /* MainView.swift in Sources */ = {isa = PBXBuildFile; fileRef = 2312855D29CA2395004E08AA /* MainView.swift */; };
		2312855F29CA2395004E08AA /* MainView.swift in Sources */ = {isa = PBXBuildFile; fileRef = 2312855D29CA2395004E08AA /* MainView.swift */; };
		2312856229CA254F004E08AA /* String+Extensions.swift in Sources */ = {isa = PBXBuildFile; fileRef = 2312856129CA254F004E08AA /* String+Extensions.swift */; };
		2312856329CA254F004E08AA /* String+Extensions.swift in Sources */ = {isa = PBXBuildFile; fileRef = 2312856129CA254F004E08AA /* String+Extensions.swift */; };
		2312856629CA4BCF004E08AA /* CoreDataManager.swift in Sources */ = {isa = PBXBuildFile; fileRef = 2312856529CA4BCF004E08AA /* CoreDataManager.swift */; };
		2312856729CA4BCF004E08AA /* CoreDataManager.swift in Sources */ = {isa = PBXBuildFile; fileRef = 2312856529CA4BCF004E08AA /* CoreDataManager.swift */; };
		2312856A29CA4CB4004E08AA /* HistoryModel.xcdatamodeld in Sources */ = {isa = PBXBuildFile; fileRef = 2312856829CA4CB4004E08AA /* HistoryModel.xcdatamodeld */; };
		2312856B29CA4CB4004E08AA /* HistoryModel.xcdatamodeld in Sources */ = {isa = PBXBuildFile; fileRef = 2312856829CA4CB4004E08AA /* HistoryModel.xcdatamodeld */; };
		23F7A07029C3A56900E3DC52 /* iOS_ChatGPTApp.swift in Sources */ = {isa = PBXBuildFile; fileRef = 23F7A06F29C3A56900E3DC52 /* iOS_ChatGPTApp.swift */; };
		23F7A07229C3A56900E3DC52 /* ContentView.swift in Sources */ = {isa = PBXBuildFile; fileRef = 23F7A07129C3A56900E3DC52 /* ContentView.swift */; };
		23F7A07429C3A56E00E3DC52 /* Assets.xcassets in Resources */ = {isa = PBXBuildFile; fileRef = 23F7A07329C3A56E00E3DC52 /* Assets.xcassets */; };
		23F7A07729C3A56E00E3DC52 /* Preview Assets.xcassets in Resources */ = {isa = PBXBuildFile; fileRef = 23F7A07629C3A56E00E3DC52 /* Preview Assets.xcassets */; };
		23F7A09E29C3A5E300E3DC52 /* macOS_ChatGPTApp.swift in Sources */ = {isa = PBXBuildFile; fileRef = 23F7A09D29C3A5E300E3DC52 /* macOS_ChatGPTApp.swift */; };
		23F7A0A029C3A5E300E3DC52 /* ContentView.swift in Sources */ = {isa = PBXBuildFile; fileRef = 23F7A09F29C3A5E300E3DC52 /* ContentView.swift */; };
		23F7A0A229C3A5E700E3DC52 /* Assets.xcassets in Resources */ = {isa = PBXBuildFile; fileRef = 23F7A0A129C3A5E700E3DC52 /* Assets.xcassets */; };
		23F7A0A529C3A5E700E3DC52 /* Preview Assets.xcassets in Resources */ = {isa = PBXBuildFile; fileRef = 23F7A0A429C3A5E700E3DC52 /* Preview Assets.xcassets */; };
		23F7A0CE29C3A91100E3DC52 /* OpenAISwift in Frameworks */ = {isa = PBXBuildFile; productRef = 23F7A0CD29C3A91100E3DC52 /* OpenAISwift */; };
		23F7A0D029C3A91900E3DC52 /* OpenAISwift in Frameworks */ = {isa = PBXBuildFile; productRef = 23F7A0CF29C3A91900E3DC52 /* OpenAISwift */; };
/* End PBXBuildFile section */

/* Begin PBXFileReference section */
		2312855D29CA2395004E08AA /* MainView.swift */ = {isa = PBXFileReference; lastKnownFileType = sourcecode.swift; path = MainView.swift; sourceTree = "<group>"; };
		2312856129CA254F004E08AA /* String+Extensions.swift */ = {isa = PBXFileReference; lastKnownFileType = sourcecode.swift; path = "String+Extensions.swift"; sourceTree = "<group>"; };
		2312856529CA4BCF004E08AA /* CoreDataManager.swift */ = {isa = PBXFileReference; lastKnownFileType = sourcecode.swift; path = CoreDataManager.swift; sourceTree = "<group>"; };
		2312856929CA4CB4004E08AA /* HistoryModel.xcdatamodel */ = {isa = PBXFileReference; lastKnownFileType = wrapper.xcdatamodel; path = HistoryModel.xcdatamodel; sourceTree = "<group>"; };
		23F7A06C29C3A56900E3DC52 /* iOS-ChatGPT.app */ = {isa = PBXFileReference; explicitFileType = wrapper.application; includeInIndex = 0; path = "iOS-ChatGPT.app"; sourceTree = BUILT_PRODUCTS_DIR; };
		23F7A06F29C3A56900E3DC52 /* iOS_ChatGPTApp.swift */ = {isa = PBXFileReference; lastKnownFileType = sourcecode.swift; path = iOS_ChatGPTApp.swift; sourceTree = "<group>"; };
		23F7A07129C3A56900E3DC52 /* ContentView.swift */ = {isa = PBXFileReference; lastKnownFileType = sourcecode.swift; path = ContentView.swift; sourceTree = "<group>"; };
		23F7A07329C3A56E00E3DC52 /* Assets.xcassets */ = {isa = PBXFileReference; lastKnownFileType = folder.assetcatalog; path = Assets.xcassets; sourceTree = "<group>"; };
		23F7A07629C3A56E00E3DC52 /* Preview Assets.xcassets */ = {isa = PBXFileReference; lastKnownFileType = folder.assetcatalog; path = "Preview Assets.xcassets"; sourceTree = "<group>"; };
		23F7A09B29C3A5E300E3DC52 /* macOS-ChatGPT.app */ = {isa = PBXFileReference; explicitFileType = wrapper.application; includeInIndex = 0; path = "macOS-ChatGPT.app"; sourceTree = BUILT_PRODUCTS_DIR; };
		23F7A09D29C3A5E300E3DC52 /* macOS_ChatGPTApp.swift */ = {isa = PBXFileReference; lastKnownFileType = sourcecode.swift; path = macOS_ChatGPTApp.swift; sourceTree = "<group>"; };
		23F7A09F29C3A5E300E3DC52 /* ContentView.swift */ = {isa = PBXFileReference; lastKnownFileType = sourcecode.swift; path = ContentView.swift; sourceTree = "<group>"; };
		23F7A0A129C3A5E700E3DC52 /* Assets.xcassets */ = {isa = PBXFileReference; lastKnownFileType = folder.assetcatalog; path = Assets.xcassets; sourceTree = "<group>"; };
		23F7A0A429C3A5E700E3DC52 /* Preview Assets.xcassets */ = {isa = PBXFileReference; lastKnownFileType = folder.assetcatalog; path = "Preview Assets.xcassets"; sourceTree = "<group>"; };
		23F7A0A629C3A5E700E3DC52 /* macOS_ChatGPT.entitlements */ = {isa = PBXFileReference; lastKnownFileType = text.plist.entitlements; path = macOS_ChatGPT.entitlements; sourceTree = "<group>"; };
		23F7A0CB29C3A8DD00E3DC52 /* OpenAISwift-main */ = {isa = PBXFileReference; lastKnownFileType = wrapper; name = "OpenAISwift-main"; path = "../OpenAISwift-main"; sourceTree = "<group>"; };
/* End PBXFileReference section */

/* Begin PBXFrameworksBuildPhase section */
		23F7A06929C3A56900E3DC52 /* Frameworks */ = {
			isa = PBXFrameworksBuildPhase;
			buildActionMask = 2147483647;
			files = (
				23F7A0CE29C3A91100E3DC52 /* OpenAISwift in Frameworks */,
			);
			runOnlyForDeploymentPostprocessing = 0;
		};
		23F7A09829C3A5E300E3DC52 /* Frameworks */ = {
			isa = PBXFrameworksBuildPhase;
			buildActionMask = 2147483647;
			files = (
				23F7A0D029C3A91900E3DC52 /* OpenAISwift in Frameworks */,
			);
			runOnlyForDeploymentPostprocessing = 0;
		};
/* End PBXFrameworksBuildPhase section */

/* Begin PBXGroup section */
		2312856029CA2516004E08AA /* Extensions */ = {
			isa = PBXGroup;
			children = (
				2312856129CA254F004E08AA /* String+Extensions.swift */,
			);
			path = Extensions;
			sourceTree = "<group>";
		};
		2312856429CA4B97004E08AA /* Managers */ = {
			isa = PBXGroup;
			children = (
				2312856529CA4BCF004E08AA /* CoreDataManager.swift */,
			);
			path = Managers;
			sourceTree = "<group>";
		};
		23F7A06129C39D4500E3DC52 = {
			isa = PBXGroup;
			children = (
				23F7A0CA29C3A8DD00E3DC52 /* Packages */,
				23F7A0C629C3A63200E3DC52 /* Shared */,
				23F7A06E29C3A56900E3DC52 /* iOS-ChatGPT */,
				23F7A09C29C3A5E300E3DC52 /* macOS-ChatGPT */,
				23F7A06D29C3A56900E3DC52 /* Products */,
				23F7A0CC29C3A91100E3DC52 /* Frameworks */,
			);
			sourceTree = "<group>";
		};
		23F7A06D29C3A56900E3DC52 /* Products */ = {
			isa = PBXGroup;
			children = (
				23F7A06C29C3A56900E3DC52 /* iOS-ChatGPT.app */,
				23F7A09B29C3A5E300E3DC52 /* macOS-ChatGPT.app */,
			);
			name = Products;
			sourceTree = "<group>";
		};
		23F7A06E29C3A56900E3DC52 /* iOS-ChatGPT */ = {
			isa = PBXGroup;
			children = (
				23F7A06F29C3A56900E3DC52 /* iOS_ChatGPTApp.swift */,
				23F7A07129C3A56900E3DC52 /* ContentView.swift */,
				23F7A07329C3A56E00E3DC52 /* Assets.xcassets */,
				23F7A07529C3A56E00E3DC52 /* Preview Content */,
			);
			path = "iOS-ChatGPT";
			sourceTree = "<group>";
		};
		23F7A07529C3A56E00E3DC52 /* Preview Content */ = {
			isa = PBXGroup;
			children = (
				23F7A07629C3A56E00E3DC52 /* Preview Assets.xcassets */,
			);
			path = "Preview Content";
			sourceTree = "<group>";
		};
		23F7A09C29C3A5E300E3DC52 /* macOS-ChatGPT */ = {
			isa = PBXGroup;
			children = (
				23F7A09D29C3A5E300E3DC52 /* macOS_ChatGPTApp.swift */,
				23F7A09F29C3A5E300E3DC52 /* ContentView.swift */,
				23F7A0A129C3A5E700E3DC52 /* Assets.xcassets */,
				23F7A0A629C3A5E700E3DC52 /* macOS_ChatGPT.entitlements */,
				23F7A0A329C3A5E700E3DC52 /* Preview Content */,
			);
			path = "macOS-ChatGPT";
			sourceTree = "<group>";
		};
		23F7A0A329C3A5E700E3DC52 /* Preview Content */ = {
			isa = PBXGroup;
			children = (
				23F7A0A429C3A5E700E3DC52 /* Preview Assets.xcassets */,
			);
			path = "Preview Content";
			sourceTree = "<group>";
		};
		23F7A0C629C3A63200E3DC52 /* Shared */ = {
			isa = PBXGroup;
			children = (
				2312856429CA4B97004E08AA /* Managers */,
				2312856029CA2516004E08AA /* Extensions */,
				2312855D29CA2395004E08AA /* MainView.swift */,
				2312856829CA4CB4004E08AA /* HistoryModel.xcdatamodeld */,
			);
			path = Shared;
			sourceTree = "<group>";
		};
		23F7A0CA29C3A8DD00E3DC52 /* Packages */ = {
			isa = PBXGroup;
			children = (
				23F7A0CB29C3A8DD00E3DC52 /* OpenAISwift-main */,
			);
			name = Packages;
			sourceTree = "<group>";
		};
		23F7A0CC29C3A91100E3DC52 /* Frameworks */ = {
			isa = PBXGroup;
			children = (
			);
			name = Frameworks;
			sourceTree = "<group>";
		};
/* End PBXGroup section */

/* Begin PBXNativeTarget section */
		23F7A06B29C3A56900E3DC52 /* iOS-ChatGPT */ = {
			isa = PBXNativeTarget;
			buildConfigurationList = 23F7A08E29C3A56F00E3DC52 /* Build configuration list for PBXNativeTarget "iOS-ChatGPT" */;
			buildPhases = (
				23F7A06829C3A56900E3DC52 /* Sources */,
				23F7A06929C3A56900E3DC52 /* Frameworks */,
				23F7A06A29C3A56900E3DC52 /* Resources */,
			);
			buildRules = (
			);
			dependencies = (
			);
			name = "iOS-ChatGPT";
			packageProductDependencies = (
				23F7A0CD29C3A91100E3DC52 /* OpenAISwift */,
			);
			productName = "iOS-ChatGPT";
			productReference = 23F7A06C29C3A56900E3DC52 /* iOS-ChatGPT.app */;
			productType = "com.apple.product-type.application";
		};
		23F7A09A29C3A5E300E3DC52 /* macOS-ChatGPT */ = {
			isa = PBXNativeTarget;
			buildConfigurationList = 23F7A0BD29C3A5E900E3DC52 /* Build configuration list for PBXNativeTarget "macOS-ChatGPT" */;
			buildPhases = (
				23F7A09729C3A5E300E3DC52 /* Sources */,
				23F7A09829C3A5E300E3DC52 /* Frameworks */,
				23F7A09929C3A5E300E3DC52 /* Resources */,
			);
			buildRules = (
			);
			dependencies = (
			);
			name = "macOS-ChatGPT";
			packageProductDependencies = (
				23F7A0CF29C3A91900E3DC52 /* OpenAISwift */,
			);
			productName = "macOS-ChatGPT";
			productReference = 23F7A09B29C3A5E300E3DC52 /* macOS-ChatGPT.app */;
			productType = "com.apple.product-type.application";
		};
/* End PBXNativeTarget section */

/* Begin PBXProject section */
		23F7A06229C39D4500E3DC52 /* Project object */ = {
			isa = PBXProject;
			attributes = {
				BuildIndependentTargetsInParallel = 1;
				LastSwiftUpdateCheck = 1420;
				LastUpgradeCheck = 1420;
				TargetAttributes = {
					23F7A06B29C3A56900E3DC52 = {
						CreatedOnToolsVersion = 14.2;
					};
					23F7A09A29C3A5E300E3DC52 = {
						CreatedOnToolsVersion = 14.2;
					};
				};
			};
			buildConfigurationList = 23F7A06529C39D4500E3DC52 /* Build configuration list for PBXProject "ChatGPTApp" */;
			compatibilityVersion = "Xcode 14.0";
			developmentRegion = en;
			hasScannedForEncodings = 0;
			knownRegions = (
				en,
				Base,
			);
			mainGroup = 23F7A06129C39D4500E3DC52;
			productRefGroup = 23F7A06D29C3A56900E3DC52 /* Products */;
			projectDirPath = "";
			projectRoot = "";
			targets = (
				23F7A06B29C3A56900E3DC52 /* iOS-ChatGPT */,
				23F7A09A29C3A5E300E3DC52 /* macOS-ChatGPT */,
			);
		};
/* End PBXProject section */

/* Begin PBXResourcesBuildPhase section */
		23F7A06A29C3A56900E3DC52 /* Resources */ = {
			isa = PBXResourcesBuildPhase;
			buildActionMask = 2147483647;
			files = (
				23F7A07729C3A56E00E3DC52 /* Preview Assets.xcassets in Resources */,
				23F7A07429C3A56E00E3DC52 /* Assets.xcassets in Resources */,
			);
			runOnlyForDeploymentPostprocessing = 0;
		};
		23F7A09929C3A5E300E3DC52 /* Resources */ = {
			isa = PBXResourcesBuildPhase;
			buildActionMask = 2147483647;
			files = (
				23F7A0A529C3A5E700E3DC52 /* Preview Assets.xcassets in Resources */,
				23F7A0A229C3A5E700E3DC52 /* Assets.xcassets in Resources */,
			);
			runOnlyForDeploymentPostprocessing = 0;
		};
/* End PBXResourcesBuildPhase section */

/* Begin PBXSourcesBuildPhase section */
		23F7A06829C3A56900E3DC52 /* Sources */ = {
			isa = PBXSourcesBuildPhase;
			buildActionMask = 2147483647;
			files = (
				2312856229CA254F004E08AA /* String+Extensions.swift in Sources */,
				23F7A07229C3A56900E3DC52 /* ContentView.swift in Sources */,
				2312855E29CA2395004E08AA /* MainView.swift in Sources */,
				2312856629CA4BCF004E08AA /* CoreDataManager.swift in Sources */,
				2312856A29CA4CB4004E08AA /* HistoryModel.xcdatamodeld in Sources */,
				23F7A07029C3A56900E3DC52 /* iOS_ChatGPTApp.swift in Sources */,
			);
			runOnlyForDeploymentPostprocessing = 0;
		};
		23F7A09729C3A5E300E3DC52 /* Sources */ = {
			isa = PBXSourcesBuildPhase;
			buildActionMask = 2147483647;
			files = (
				2312856329CA254F004E08AA /* String+Extensions.swift in Sources */,
				23F7A0A029C3A5E300E3DC52 /* ContentView.swift in Sources */,
				2312855F29CA2395004E08AA /* MainView.swift in Sources */,
				2312856729CA4BCF004E08AA /* CoreDataManager.swift in Sources */,
				2312856B29CA4CB4004E08AA /* HistoryModel.xcdatamodeld in Sources */,
				23F7A09E29C3A5E300E3DC52 /* macOS_ChatGPTApp.swift in Sources */,
			);
			runOnlyForDeploymentPostprocessing = 0;
		};
/* End PBXSourcesBuildPhase section */

/* Begin XCBuildConfiguration section */
		23F7A06629C39D4500E3DC52 /* Debug */ = {
			isa = XCBuildConfiguration;
			buildSettings = {
			};
			name = Debug;
		};
		23F7A06729C39D4500E3DC52 /* Release */ = {
			isa = XCBuildConfiguration;
			buildSettings = {
			};
			name = Release;
		};
		23F7A08F29C3A56F00E3DC52 /* Debug */ = {
			isa = XCBuildConfiguration;
			buildSettings = {
				ALWAYS_SEARCH_USER_PATHS = NO;
				ASSETCATALOG_COMPILER_APPICON_NAME = AppIcon;
				ASSETCATALOG_COMPILER_GLOBAL_ACCENT_COLOR_NAME = AccentColor;
				CLANG_ANALYZER_NONNULL = YES;
				CLANG_ANALYZER_NUMBER_OBJECT_CONVERSION = YES_AGGRESSIVE;
				CLANG_CXX_LANGUAGE_STANDARD = "gnu++20";
				CLANG_ENABLE_MODULES = YES;
				CLANG_ENABLE_OBJC_ARC = YES;
				CLANG_ENABLE_OBJC_WEAK = YES;
				CLANG_WARN_BLOCK_CAPTURE_AUTORELEASING = YES;
				CLANG_WARN_BOOL_CONVERSION = YES;
				CLANG_WARN_COMMA = YES;
				CLANG_WARN_CONSTANT_CONVERSION = YES;
				CLANG_WARN_DEPRECATED_OBJC_IMPLEMENTATIONS = YES;
				CLANG_WARN_DIRECT_OBJC_ISA_USAGE = YES_ERROR;
				CLANG_WARN_DOCUMENTATION_COMMENTS = YES;
				CLANG_WARN_EMPTY_BODY = YES;
				CLANG_WARN_ENUM_CONVERSION = YES;
				CLANG_WARN_INFINITE_RECURSION = YES;
				CLANG_WARN_INT_CONVERSION = YES;
				CLANG_WARN_NON_LITERAL_NULL_CONVERSION = YES;
				CLANG_WARN_OBJC_IMPLICIT_RETAIN_SELF = YES;
				CLANG_WARN_OBJC_LITERAL_CONVERSION = YES;
				CLANG_WARN_OBJC_ROOT_CLASS = YES_ERROR;
				CLANG_WARN_QUOTED_INCLUDE_IN_FRAMEWORK_HEADER = YES;
				CLANG_WARN_RANGE_LOOP_ANALYSIS = YES;
				CLANG_WARN_STRICT_PROTOTYPES = YES;
				CLANG_WARN_SUSPICIOUS_MOVE = YES;
				CLANG_WARN_UNGUARDED_AVAILABILITY = YES_AGGRESSIVE;
				CLANG_WARN_UNREACHABLE_CODE = YES;
				CLANG_WARN__DUPLICATE_METHOD_MATCH = YES;
				CODE_SIGN_STYLE = Automatic;
				COPY_PHASE_STRIP = NO;
				CURRENT_PROJECT_VERSION = 1;
				DEBUG_INFORMATION_FORMAT = dwarf;
				DEVELOPMENT_ASSET_PATHS = "\"iOS-ChatGPT/Preview Content\"";
				DEVELOPMENT_TEAM = 3RQAYNAD56;
				ENABLE_PREVIEWS = YES;
				ENABLE_STRICT_OBJC_MSGSEND = YES;
				ENABLE_TESTABILITY = YES;
				GCC_C_LANGUAGE_STANDARD = gnu11;
				GCC_DYNAMIC_NO_PIC = NO;
				GCC_NO_COMMON_BLOCKS = YES;
				GCC_OPTIMIZATION_LEVEL = 0;
				GCC_PREPROCESSOR_DEFINITIONS = (
					"DEBUG=1",
					"$(inherited)",
				);
				GCC_WARN_64_TO_32_BIT_CONVERSION = YES;
				GCC_WARN_ABOUT_RETURN_TYPE = YES_ERROR;
				GCC_WARN_UNDECLARED_SELECTOR = YES;
				GCC_WARN_UNINITIALIZED_AUTOS = YES_AGGRESSIVE;
				GCC_WARN_UNUSED_FUNCTION = YES;
				GCC_WARN_UNUSED_VARIABLE = YES;
				GENERATE_INFOPLIST_FILE = YES;
				INFOPLIST_KEY_UIApplicationSceneManifest_Generation = YES;
				INFOPLIST_KEY_UIApplicationSupportsIndirectInputEvents = YES;
				INFOPLIST_KEY_UILaunchScreen_Generation = YES;
				INFOPLIST_KEY_UISupportedInterfaceOrientations_iPad = "UIInterfaceOrientationPortrait UIInterfaceOrientationPortraitUpsideDown UIInterfaceOrientationLandscapeLeft UIInterfaceOrientationLandscapeRight";
				INFOPLIST_KEY_UISupportedInterfaceOrientations_iPhone = "UIInterfaceOrientationPortrait UIInterfaceOrientationLandscapeLeft UIInterfaceOrientationLandscapeRight";
				IPHONEOS_DEPLOYMENT_TARGET = 16.2;
				LD_RUNPATH_SEARCH_PATHS = (
					"$(inherited)",
					"@executable_path/Frameworks",
				);
				MARKETING_VERSION = 1.0;
				MTL_ENABLE_DEBUG_INFO = INCLUDE_SOURCE;
				MTL_FAST_MATH = YES;
				ONLY_ACTIVE_ARCH = YES;
				PRODUCT_BUNDLE_IDENTIFIER = "fondeadora.iOS-ChatGPT";
				PRODUCT_NAME = "$(TARGET_NAME)";
				SDKROOT = iphoneos;
				SWIFT_ACTIVE_COMPILATION_CONDITIONS = DEBUG;
				SWIFT_EMIT_LOC_STRINGS = YES;
				SWIFT_OPTIMIZATION_LEVEL = "-Onone";
				SWIFT_VERSION = 5.0;
				TARGETED_DEVICE_FAMILY = "1,2";
			};
			name = Debug;
		};
		23F7A09029C3A56F00E3DC52 /* Release */ = {
			isa = XCBuildConfiguration;
			buildSettings = {
				ALWAYS_SEARCH_USER_PATHS = NO;
				ASSETCATALOG_COMPILER_APPICON_NAME = AppIcon;
				ASSETCATALOG_COMPILER_GLOBAL_ACCENT_COLOR_NAME = AccentColor;
				CLANG_ANALYZER_NONNULL = YES;
				CLANG_ANALYZER_NUMBER_OBJECT_CONVERSION = YES_AGGRESSIVE;
				CLANG_CXX_LANGUAGE_STANDARD = "gnu++20";
				CLANG_ENABLE_MODULES = YES;
				CLANG_ENABLE_OBJC_ARC = YES;
				CLANG_ENABLE_OBJC_WEAK = YES;
				CLANG_WARN_BLOCK_CAPTURE_AUTORELEASING = YES;
				CLANG_WARN_BOOL_CONVERSION = YES;
				CLANG_WARN_COMMA = YES;
				CLANG_WARN_CONSTANT_CONVERSION = YES;
				CLANG_WARN_DEPRECATED_OBJC_IMPLEMENTATIONS = YES;
				CLANG_WARN_DIRECT_OBJC_ISA_USAGE = YES_ERROR;
				CLANG_WARN_DOCUMENTATION_COMMENTS = YES;
				CLANG_WARN_EMPTY_BODY = YES;
				CLANG_WARN_ENUM_CONVERSION = YES;
				CLANG_WARN_INFINITE_RECURSION = YES;
				CLANG_WARN_INT_CONVERSION = YES;
				CLANG_WARN_NON_LITERAL_NULL_CONVERSION = YES;
				CLANG_WARN_OBJC_IMPLICIT_RETAIN_SELF = YES;
				CLANG_WARN_OBJC_LITERAL_CONVERSION = YES;
				CLANG_WARN_OBJC_ROOT_CLASS = YES_ERROR;
				CLANG_WARN_QUOTED_INCLUDE_IN_FRAMEWORK_HEADER = YES;
				CLANG_WARN_RANGE_LOOP_ANALYSIS = YES;
				CLANG_WARN_STRICT_PROTOTYPES = YES;
				CLANG_WARN_SUSPICIOUS_MOVE = YES;
				CLANG_WARN_UNGUARDED_AVAILABILITY = YES_AGGRESSIVE;
				CLANG_WARN_UNREACHABLE_CODE = YES;
				CLANG_WARN__DUPLICATE_METHOD_MATCH = YES;
				CODE_SIGN_STYLE = Automatic;
				COPY_PHASE_STRIP = NO;
				CURRENT_PROJECT_VERSION = 1;
				DEBUG_INFORMATION_FORMAT = "dwarf-with-dsym";
				DEVELOPMENT_ASSET_PATHS = "\"iOS-ChatGPT/Preview Content\"";
				DEVELOPMENT_TEAM = 3RQAYNAD56;
				ENABLE_NS_ASSERTIONS = NO;
				ENABLE_PREVIEWS = YES;
				ENABLE_STRICT_OBJC_MSGSEND = YES;
				GCC_C_LANGUAGE_STANDARD = gnu11;
				GCC_NO_COMMON_BLOCKS = YES;
				GCC_WARN_64_TO_32_BIT_CONVERSION = YES;
				GCC_WARN_ABOUT_RETURN_TYPE = YES_ERROR;
				GCC_WARN_UNDECLARED_SELECTOR = YES;
				GCC_WARN_UNINITIALIZED_AUTOS = YES_AGGRESSIVE;
				GCC_WARN_UNUSED_FUNCTION = YES;
				GCC_WARN_UNUSED_VARIABLE = YES;
				GENERATE_INFOPLIST_FILE = YES;
				INFOPLIST_KEY_UIApplicationSceneManifest_Generation = YES;
				INFOPLIST_KEY_UIApplicationSupportsIndirectInputEvents = YES;
				INFOPLIST_KEY_UILaunchScreen_Generation = YES;
				INFOPLIST_KEY_UISupportedInterfaceOrientations_iPad = "UIInterfaceOrientationPortrait UIInterfaceOrientationPortraitUpsideDown UIInterfaceOrientationLandscapeLeft UIInterfaceOrientationLandscapeRight";
				INFOPLIST_KEY_UISupportedInterfaceOrientations_iPhone = "UIInterfaceOrientationPortrait UIInterfaceOrientationLandscapeLeft UIInterfaceOrientationLandscapeRight";
				IPHONEOS_DEPLOYMENT_TARGET = 16.2;
				LD_RUNPATH_SEARCH_PATHS = (
					"$(inherited)",
					"@executable_path/Frameworks",
				);
				MARKETING_VERSION = 1.0;
				MTL_ENABLE_DEBUG_INFO = NO;
				MTL_FAST_MATH = YES;
				PRODUCT_BUNDLE_IDENTIFIER = "fondeadora.iOS-ChatGPT";
				PRODUCT_NAME = "$(TARGET_NAME)";
				SDKROOT = iphoneos;
				SWIFT_COMPILATION_MODE = wholemodule;
				SWIFT_EMIT_LOC_STRINGS = YES;
				SWIFT_OPTIMIZATION_LEVEL = "-O";
				SWIFT_VERSION = 5.0;
				TARGETED_DEVICE_FAMILY = "1,2";
				VALIDATE_PRODUCT = YES;
			};
			name = Release;
		};
		23F7A0BE29C3A5E900E3DC52 /* Debug */ = {
			isa = XCBuildConfiguration;
			buildSettings = {
				ALWAYS_SEARCH_USER_PATHS = NO;
				ASSETCATALOG_COMPILER_APPICON_NAME = AppIcon;
				ASSETCATALOG_COMPILER_GLOBAL_ACCENT_COLOR_NAME = AccentColor;
				CLANG_ANALYZER_NONNULL = YES;
				CLANG_ANALYZER_NUMBER_OBJECT_CONVERSION = YES_AGGRESSIVE;
				CLANG_CXX_LANGUAGE_STANDARD = "gnu++20";
				CLANG_ENABLE_MODULES = YES;
				CLANG_ENABLE_OBJC_ARC = YES;
				CLANG_ENABLE_OBJC_WEAK = YES;
				CLANG_WARN_BLOCK_CAPTURE_AUTORELEASING = YES;
				CLANG_WARN_BOOL_CONVERSION = YES;
				CLANG_WARN_COMMA = YES;
				CLANG_WARN_CONSTANT_CONVERSION = YES;
				CLANG_WARN_DEPRECATED_OBJC_IMPLEMENTATIONS = YES;
				CLANG_WARN_DIRECT_OBJC_ISA_USAGE = YES_ERROR;
				CLANG_WARN_DOCUMENTATION_COMMENTS = YES;
				CLANG_WARN_EMPTY_BODY = YES;
				CLANG_WARN_ENUM_CONVERSION = YES;
				CLANG_WARN_INFINITE_RECURSION = YES;
				CLANG_WARN_INT_CONVERSION = YES;
				CLANG_WARN_NON_LITERAL_NULL_CONVERSION = YES;
				CLANG_WARN_OBJC_IMPLICIT_RETAIN_SELF = YES;
				CLANG_WARN_OBJC_LITERAL_CONVERSION = YES;
				CLANG_WARN_OBJC_ROOT_CLASS = YES_ERROR;
				CLANG_WARN_QUOTED_INCLUDE_IN_FRAMEWORK_HEADER = YES;
				CLANG_WARN_RANGE_LOOP_ANALYSIS = YES;
				CLANG_WARN_STRICT_PROTOTYPES = YES;
				CLANG_WARN_SUSPICIOUS_MOVE = YES;
				CLANG_WARN_UNGUARDED_AVAILABILITY = YES_AGGRESSIVE;
				CLANG_WARN_UNREACHABLE_CODE = YES;
				CLANG_WARN__DUPLICATE_METHOD_MATCH = YES;
				CODE_SIGN_ENTITLEMENTS = "macOS-ChatGPT/macOS_ChatGPT.entitlements";
				CODE_SIGN_STYLE = Automatic;
				COMBINE_HIDPI_IMAGES = YES;
				COPY_PHASE_STRIP = NO;
				CURRENT_PROJECT_VERSION = 1;
				DEBUG_INFORMATION_FORMAT = dwarf;
				DEVELOPMENT_ASSET_PATHS = "\"macOS-ChatGPT/Preview Content\"";
				DEVELOPMENT_TEAM = 3RQAYNAD56;
				ENABLE_HARDENED_RUNTIME = YES;
				ENABLE_PREVIEWS = YES;
				ENABLE_STRICT_OBJC_MSGSEND = YES;
				ENABLE_TESTABILITY = YES;
				GCC_C_LANGUAGE_STANDARD = gnu11;
				GCC_DYNAMIC_NO_PIC = NO;
				GCC_NO_COMMON_BLOCKS = YES;
				GCC_OPTIMIZATION_LEVEL = 0;
				GCC_PREPROCESSOR_DEFINITIONS = (
					"DEBUG=1",
					"$(inherited)",
				);
				GCC_WARN_64_TO_32_BIT_CONVERSION = YES;
				GCC_WARN_ABOUT_RETURN_TYPE = YES_ERROR;
				GCC_WARN_UNDECLARED_SELECTOR = YES;
				GCC_WARN_UNINITIALIZED_AUTOS = YES_AGGRESSIVE;
				GCC_WARN_UNUSED_FUNCTION = YES;
				GCC_WARN_UNUSED_VARIABLE = YES;
				GENERATE_INFOPLIST_FILE = YES;
				INFOPLIST_KEY_NSHumanReadableCopyright = "";
				LD_RUNPATH_SEARCH_PATHS = (
					"$(inherited)",
					"@executable_path/../Frameworks",
				);
				MACOSX_DEPLOYMENT_TARGET = 13.1;
				MARKETING_VERSION = 1.0;
				MTL_ENABLE_DEBUG_INFO = INCLUDE_SOURCE;
				MTL_FAST_MATH = YES;
				ONLY_ACTIVE_ARCH = YES;
				PRODUCT_BUNDLE_IDENTIFIER = "fondeadora.macOS-ChatGPT";
				PRODUCT_NAME = "$(TARGET_NAME)";
				SDKROOT = macosx;
				SWIFT_ACTIVE_COMPILATION_CONDITIONS = DEBUG;
				SWIFT_EMIT_LOC_STRINGS = YES;
				SWIFT_OPTIMIZATION_LEVEL = "-Onone";
				SWIFT_VERSION = 5.0;
			};
			name = Debug;
		};
		23F7A0BF29C3A5E900E3DC52 /* Release */ = {
			isa = XCBuildConfiguration;
			buildSettings = {
				ALWAYS_SEARCH_USER_PATHS = NO;
				ASSETCATALOG_COMPILER_APPICON_NAME = AppIcon;
				ASSETCATALOG_COMPILER_GLOBAL_ACCENT_COLOR_NAME = AccentColor;
				CLANG_ANALYZER_NONNULL = YES;
				CLANG_ANALYZER_NUMBER_OBJECT_CONVERSION = YES_AGGRESSIVE;
				CLANG_CXX_LANGUAGE_STANDARD = "gnu++20";
				CLANG_ENABLE_MODULES = YES;
				CLANG_ENABLE_OBJC_ARC = YES;
				CLANG_ENABLE_OBJC_WEAK = YES;
				CLANG_WARN_BLOCK_CAPTURE_AUTORELEASING = YES;
				CLANG_WARN_BOOL_CONVERSION = YES;
				CLANG_WARN_COMMA = YES;
				CLANG_WARN_CONSTANT_CONVERSION = YES;
				CLANG_WARN_DEPRECATED_OBJC_IMPLEMENTATIONS = YES;
				CLANG_WARN_DIRECT_OBJC_ISA_USAGE = YES_ERROR;
				CLANG_WARN_DOCUMENTATION_COMMENTS = YES;
				CLANG_WARN_EMPTY_BODY = YES;
				CLANG_WARN_ENUM_CONVERSION = YES;
				CLANG_WARN_INFINITE_RECURSION = YES;
				CLANG_WARN_INT_CONVERSION = YES;
				CLANG_WARN_NON_LITERAL_NULL_CONVERSION = YES;
				CLANG_WARN_OBJC_IMPLICIT_RETAIN_SELF = YES;
				CLANG_WARN_OBJC_LITERAL_CONVERSION = YES;
				CLANG_WARN_OBJC_ROOT_CLASS = YES_ERROR;
				CLANG_WARN_QUOTED_INCLUDE_IN_FRAMEWORK_HEADER = YES;
				CLANG_WARN_RANGE_LOOP_ANALYSIS = YES;
				CLANG_WARN_STRICT_PROTOTYPES = YES;
				CLANG_WARN_SUSPICIOUS_MOVE = YES;
				CLANG_WARN_UNGUARDED_AVAILABILITY = YES_AGGRESSIVE;
				CLANG_WARN_UNREACHABLE_CODE = YES;
				CLANG_WARN__DUPLICATE_METHOD_MATCH = YES;
				CODE_SIGN_ENTITLEMENTS = "macOS-ChatGPT/macOS_ChatGPT.entitlements";
				CODE_SIGN_STYLE = Automatic;
				COMBINE_HIDPI_IMAGES = YES;
				COPY_PHASE_STRIP = NO;
				CURRENT_PROJECT_VERSION = 1;
				DEBUG_INFORMATION_FORMAT = "dwarf-with-dsym";
				DEVELOPMENT_ASSET_PATHS = "\"macOS-ChatGPT/Preview Content\"";
				DEVELOPMENT_TEAM = 3RQAYNAD56;
				ENABLE_HARDENED_RUNTIME = YES;
				ENABLE_NS_ASSERTIONS = NO;
				ENABLE_PREVIEWS = YES;
				ENABLE_STRICT_OBJC_MSGSEND = YES;
				GCC_C_LANGUAGE_STANDARD = gnu11;
				GCC_NO_COMMON_BLOCKS = YES;
				GCC_WARN_64_TO_32_BIT_CONVERSION = YES;
				GCC_WARN_ABOUT_RETURN_TYPE = YES_ERROR;
				GCC_WARN_UNDECLARED_SELECTOR = YES;
				GCC_WARN_UNINITIALIZED_AUTOS = YES_AGGRESSIVE;
				GCC_WARN_UNUSED_FUNCTION = YES;
				GCC_WARN_UNUSED_VARIABLE = YES;
				GENERATE_INFOPLIST_FILE = YES;
				INFOPLIST_KEY_NSHumanReadableCopyright = "";
				LD_RUNPATH_SEARCH_PATHS = (
					"$(inherited)",
					"@executable_path/../Frameworks",
				);
				MACOSX_DEPLOYMENT_TARGET = 13.1;
				MARKETING_VERSION = 1.0;
				MTL_ENABLE_DEBUG_INFO = NO;
				MTL_FAST_MATH = YES;
				PRODUCT_BUNDLE_IDENTIFIER = "fondeadora.macOS-ChatGPT";
				PRODUCT_NAME = "$(TARGET_NAME)";
				SDKROOT = macosx;
				SWIFT_COMPILATION_MODE = wholemodule;
				SWIFT_EMIT_LOC_STRINGS = YES;
				SWIFT_OPTIMIZATION_LEVEL = "-O";
				SWIFT_VERSION = 5.0;
			};
			name = Release;
		};
/* End XCBuildConfiguration section */

/* Begin XCConfigurationList section */
		23F7A06529C39D4500E3DC52 /* Build configuration list for PBXProject "ChatGPTApp" */ = {
			isa = XCConfigurationList;
			buildConfigurations = (
				23F7A06629C39D4500E3DC52 /* Debug */,
				23F7A06729C39D4500E3DC52 /* Release */,
			);
			defaultConfigurationIsVisible = 0;
			defaultConfigurationName = Release;
		};
		23F7A08E29C3A56F00E3DC52 /* Build configuration list for PBXNativeTarget "iOS-ChatGPT" */ = {
			isa = XCConfigurationList;
			buildConfigurations = (
				23F7A08F29C3A56F00E3DC52 /* Debug */,
				23F7A09029C3A56F00E3DC52 /* Release */,
			);
			defaultConfigurationIsVisible = 0;
			defaultConfigurationName = Release;
		};
		23F7A0BD29C3A5E900E3DC52 /* Build configuration list for PBXNativeTarget "macOS-ChatGPT" */ = {
			isa = XCConfigurationList;
			buildConfigurations = (
				23F7A0BE29C3A5E900E3DC52 /* Debug */,
				23F7A0BF29C3A5E900E3DC52 /* Release */,
			);
			defaultConfigurationIsVisible = 0;
			defaultConfigurationName = Release;
		};
/* End XCConfigurationList section */

/* Begin XCSwiftPackageProductDependency section */
		23F7A0CD29C3A91100E3DC52 /* OpenAISwift */ = {
			isa = XCSwiftPackageProductDependency;
			productName = OpenAISwift;
		};
		23F7A0CF29C3A91900E3DC52 /* OpenAISwift */ = {
			isa = XCSwiftPackageProductDependency;
			productName = OpenAISwift;
		};
/* End XCSwiftPackageProductDependency section */

/* Begin XCVersionGroup section */
		2312856829CA4CB4004E08AA /* HistoryModel.xcdatamodeld */ = {
			isa = XCVersionGroup;
			children = (
				2312856929CA4CB4004E08AA /* HistoryModel.xcdatamodel */,
			);
			currentVersion = 2312856929CA4CB4004E08AA /* HistoryModel.xcdatamodel */;
			path = HistoryModel.xcdatamodeld;
			sourceTree = "<group>";
			versionGroupType = wrapper.xcdatamodel;
		};
/* End XCVersionGroup section */
	};
	rootObject = 23F7A06229C39D4500E3DC52 /* Project object */;
}
